
Microsoft Visual Studio Solution File, Format Version 12.00
# Visual Studio Version 17
VisualStudioVersion = 17.13.35919.96 d17.13
MinimumVisualStudioVersion = 10.0.40219.1
Project("{FAE04EC0-301F-11D3-BF4B-00C04F79EFBC}") = "Adv_C#_assig_2", "Adv_C#_assig_2\Adv_C#_assig_2.csproj", "{75C4A4A8-4007-4F3B-9C29-451D12EE13CE}"
EndProject
Global
	GlobalSection(SolutionConfigurationPlatforms) = preSolution
		Debug|Any CPU = Debug|Any CPU
		Release|Any CPU = Release|Any CPU
	EndGlobalSection
	GlobalSection(ProjectConfigurationPlatforms) = postSolution
		{75C4A4A8-4007-4F3B-9C29-451D12EE13CE}.Debug|Any CPU.ActiveCfg = Debug|Any CPU
		{75C4A4A8-4007-4F3B-9C29-451D12EE13CE}.Debug|Any CPU.Build.0 = Debug|Any CPU
		{75C4A4A8-4007-4F3B-9C29-451D12EE13CE}.Release|Any CPU.ActiveCfg = Release|Any CPU
		{75C4A4A8-4007-4F3B-9C29-451D12EE13CE}.Release|Any CPU.Build.0 = Release|Any CPU
	EndGlobalSection
	GlobalSection(SolutionProperties) = preSolution
		HideSolutionNode = FALSE
	EndGlobalSection
	GlobalSection(ExtensibilityGlobals) = postSolution
		SolutionGuid = {E15AB975-A88D-4510-9A21-ADF805DA64F6}
	EndGlobalSection
EndGlobal
